
Microsoft Visual Studio Solution File, Format Version 12.00
# Visual Studio Version 17
VisualStudioVersion = 17.9.34723.18
MinimumVisualStudioVersion = 10.0.40219.1
Project("{9A19103F-16F7-4668-BE54-9A1E7A4F7556}") = "PracNet7ApiProB01", "PracNet7ApiProB01\PracNet7ApiProB01.csproj", "{D79C020E-263C-4416-AB7C-A76AE125E7A4}"
EndProject
Project("{FAE04EC0-301F-11D3-BF4B-00C04F79EFBC}") = "PracNet7ApiProB01.Model", "PracNet7ApiProB01.Model\PracNet7ApiProB01.Model.csproj", "{C8CC596C-8B18-4399-964E-C00E51BE0B91}"
EndProject
Global
	GlobalSection(SolutionConfigurationPlatforms) = preSolution
		Debug|Any CPU = Debug|Any CPU
		Release|Any CPU = Release|Any CPU
	EndGlobalSection
	GlobalSection(ProjectConfigurationPlatforms) = postSolution
		{D79C020E-263C-4416-AB7C-A76AE125E7A4}.Debug|Any CPU.ActiveCfg = Debug|Any CPU
		{D79C020E-263C-4416-AB7C-A76AE125E7A4}.Debug|Any CPU.Build.0 = Debug|Any CPU
		{D79C020E-263C-4416-AB7C-A76AE125E7A4}.Release|Any CPU.ActiveCfg = Release|Any CPU
		{D79C020E-263C-4416-AB7C-A76AE125E7A4}.Release|Any CPU.Build.0 = Release|Any CPU
		{C8CC596C-8B18-4399-964E-C00E51BE0B91}.Debug|Any CPU.ActiveCfg = Debug|Any CPU
		{C8CC596C-8B18-4399-964E-C00E51BE0B91}.Debug|Any CPU.Build.0 = Debug|Any CPU
		{C8CC596C-8B18-4399-964E-C00E51BE0B91}.Release|Any CPU.ActiveCfg = Release|Any CPU
		{C8CC596C-8B18-4399-964E-C00E51BE0B91}.Release|Any CPU.Build.0 = Release|Any CPU
	EndGlobalSection
	GlobalSection(SolutionProperties) = preSolution
		HideSolutionNode = FALSE
	EndGlobalSection
	GlobalSection(ExtensibilityGlobals) = postSolution
		SolutionGuid = {ADB5D1A3-6663-4535-9929-5C93A3EBC6AE}
	EndGlobalSection
EndGlobal
