
Microsoft Visual Studio Solution File, Format Version 12.00
# Visual Studio Version 17
VisualStudioVersion = 17.7.34221.43
MinimumVisualStudioVersion = 10.0.40219.1
Project("{FAE04EC0-301F-11D3-BF4B-00C04F79EFBC}") = "LearnBasicDelegateb01", "LearnBasicDelegateb01\LearnBasicDelegateb01.csproj", "{74E31949-C417-4C41-81F5-940560B17DCC}"
EndProject
Global
	GlobalSection(SolutionConfigurationPlatforms) = preSolution
		Debug|Any CPU = Debug|Any CPU
		Release|Any CPU = Release|Any CPU
	EndGlobalSection
	GlobalSection(ProjectConfigurationPlatforms) = postSolution
		{74E31949-C417-4C41-81F5-940560B17DCC}.Debug|Any CPU.ActiveCfg = Debug|Any CPU
		{74E31949-C417-4C41-81F5-940560B17DCC}.Debug|Any CPU.Build.0 = Debug|Any CPU
		{74E31949-C417-4C41-81F5-940560B17DCC}.Release|Any CPU.ActiveCfg = Release|Any CPU
		{74E31949-C417-4C41-81F5-940560B17DCC}.Release|Any CPU.Build.0 = Release|Any CPU
	EndGlobalSection
	GlobalSection(SolutionProperties) = preSolution
		HideSolutionNode = FALSE
	EndGlobalSection
	GlobalSection(ExtensibilityGlobals) = postSolution
		SolutionGuid = {9C94F0D9-6CB8-4157-B98B-7AEA6752D1E8}
	EndGlobalSection
EndGlobal
