
Microsoft Visual Studio Solution File, Format Version 12.00
# Visual Studio Version 17
VisualStudioVersion = 17.6.33815.320
MinimumVisualStudioVersion = 10.0.40219.1
Project("{FAE04EC0-301F-11D3-BF4B-00C04F79EFBC}") = "RegexDemo", "RegexDemo\RegexDemo.csproj", "{5A95429B-3DB3-4E20-B439-83A9312711CF}"
EndProject
Global
	GlobalSection(SolutionConfigurationPlatforms) = preSolution
		Debug|Any CPU = Debug|Any CPU
		Release|Any CPU = Release|Any CPU
	EndGlobalSection
	GlobalSection(ProjectConfigurationPlatforms) = postSolution
		{5A95429B-3DB3-4E20-B439-83A9312711CF}.Debug|Any CPU.ActiveCfg = Debug|Any CPU
		{5A95429B-3DB3-4E20-B439-83A9312711CF}.Debug|Any CPU.Build.0 = Debug|Any CPU
		{5A95429B-3DB3-4E20-B439-83A9312711CF}.Release|Any CPU.ActiveCfg = Release|Any CPU
		{5A95429B-3DB3-4E20-B439-83A9312711CF}.Release|Any CPU.Build.0 = Release|Any CPU
	EndGlobalSection
	GlobalSection(SolutionProperties) = preSolution
		HideSolutionNode = FALSE
	EndGlobalSection
	GlobalSection(ExtensibilityGlobals) = postSolution
		SolutionGuid = {205FE17A-7F4D-4B0B-A0A0-989D861FD2B1}
	EndGlobalSection
EndGlobal
