
Microsoft Visual Studio Solution File, Format Version 12.00
# Visual Studio Version 17
VisualStudioVersion = 17.4.33213.308
MinimumVisualStudioVersion = 10.0.40219.1
Project("{9A19103F-16F7-4668-BE54-9A1E7A4F7556}") = "Les30LinqInCSharp", "Les30LinqInCSharp\Les30LinqInCSharp.csproj", "{251EAF36-8E01-4C1D-B8E8-83CEE94534B9}"
EndProject
Project("{9A19103F-16F7-4668-BE54-9A1E7A4F7556}") = "LearnADO.Netb01", "LearnADO.Netb01\LearnADO.Netb01.csproj", "{82DFD589-F97D-4D43-9FD9-A54337125B95}"
EndProject
Project("{FAE04EC0-301F-11D3-BF4B-00C04F79EFBC}") = "Les20Delegate", "Les20Delegate\Les20Delegate.csproj", "{071E6B21-1BA8-4714-9C66-87D759CDAB7C}"
EndProject
Global
	GlobalSection(SolutionConfigurationPlatforms) = preSolution
		Debug|Any CPU = Debug|Any CPU
		Release|Any CPU = Release|Any CPU
	EndGlobalSection
	GlobalSection(ProjectConfigurationPlatforms) = postSolution
		{251EAF36-8E01-4C1D-B8E8-83CEE94534B9}.Debug|Any CPU.ActiveCfg = Debug|Any CPU
		{251EAF36-8E01-4C1D-B8E8-83CEE94534B9}.Debug|Any CPU.Build.0 = Debug|Any CPU
		{251EAF36-8E01-4C1D-B8E8-83CEE94534B9}.Release|Any CPU.ActiveCfg = Release|Any CPU
		{251EAF36-8E01-4C1D-B8E8-83CEE94534B9}.Release|Any CPU.Build.0 = Release|Any CPU
		{82DFD589-F97D-4D43-9FD9-A54337125B95}.Debug|Any CPU.ActiveCfg = Debug|Any CPU
		{82DFD589-F97D-4D43-9FD9-A54337125B95}.Debug|Any CPU.Build.0 = Debug|Any CPU
		{82DFD589-F97D-4D43-9FD9-A54337125B95}.Release|Any CPU.ActiveCfg = Release|Any CPU
		{82DFD589-F97D-4D43-9FD9-A54337125B95}.Release|Any CPU.Build.0 = Release|Any CPU
		{071E6B21-1BA8-4714-9C66-87D759CDAB7C}.Debug|Any CPU.ActiveCfg = Debug|Any CPU
		{071E6B21-1BA8-4714-9C66-87D759CDAB7C}.Debug|Any CPU.Build.0 = Debug|Any CPU
		{071E6B21-1BA8-4714-9C66-87D759CDAB7C}.Release|Any CPU.ActiveCfg = Release|Any CPU
		{071E6B21-1BA8-4714-9C66-87D759CDAB7C}.Release|Any CPU.Build.0 = Release|Any CPU
	EndGlobalSection
	GlobalSection(SolutionProperties) = preSolution
		HideSolutionNode = FALSE
	EndGlobalSection
	GlobalSection(ExtensibilityGlobals) = postSolution
		SolutionGuid = {31E5848F-3106-40FA-B2A6-7C569B5A039C}
	EndGlobalSection
EndGlobal
