
Microsoft Visual Studio Solution File, Format Version 12.00
# Visual Studio Version 17
VisualStudioVersion = 17.4.33213.308
MinimumVisualStudioVersion = 10.0.40219.1
Project("{9A19103F-16F7-4668-BE54-9A1E7A4F7556}") = "Les30LinqInCSharp", "Les30LinqInCSharp\Les30LinqInCSharp.csproj", "{251EAF36-8E01-4C1D-B8E8-83CEE94534B9}"
EndProject
Project("{9A19103F-16F7-4668-BE54-9A1E7A4F7556}") = "LearnADO.Netb01", "LearnADO.Netb01\LearnADO.Netb01.csproj", "{82DFD589-F97D-4D43-9FD9-A54337125B95}"
EndProject
Project("{9A19103F-16F7-4668-BE54-9A1E7A4F7556}") = "Les20Delegate", "Les20Delegate\Les20Delegate.csproj", "{071E6B21-1BA8-4714-9C66-87D759CDAB7C}"
EndProject
Project("{9A19103F-16F7-4668-BE54-9A1E7A4F7556}") = "Les21LamdaExpression", "Les21LamdaExpression\Les21LamdaExpression.csproj", "{252E6770-37A9-4428-B70F-4E3C39B40D3C}"
EndProject
Project("{9A19103F-16F7-4668-BE54-9A1E7A4F7556}") = "Les40-LearnEntityFrameworkCore", "Les40-LearnEntityFrameworkCore\Les40-LearnEntityFrameworkCore.csproj", "{2943930E-ACE8-426D-A53B-2F22C1B12B78}"
EndProject
Project("{FAE04EC0-301F-11D3-BF4B-00C04F79EFBC}") = "Les10ClassAndOOP", "Les10ClassAndOOP\Les10ClassAndOOP.csproj", "{647E762D-97F5-412E-8703-BB8117347853}"
EndProject
Project("{FAE04EC0-301F-11D3-BF4B-00C04F79EFBC}") = "Les12StructAndEnum", "Les12StructAndEnum\Les12StructAndEnum.csproj", "{DDA13E8C-82AC-4E08-A106-46B66EFA16C6}"
EndProject
Project("{FAE04EC0-301F-11D3-BF4B-00C04F79EFBC}") = "Les14-Inheritance", "Les14-Inheritance\Les14-Inheritance.csproj", "{02A2A867-63C9-4420-89EB-AE6EBA16066F}"
EndProject
Project("{FAE04EC0-301F-11D3-BF4B-00C04F79EFBC}") = "Les16GenericExmaple", "Les16GenericExmaple\Les16GenericExmaple.csproj", "{C723D09A-9DD5-42BF-B452-726091FA54FE}"
EndProject
Project("{FAE04EC0-301F-11D3-BF4B-00C04F79EFBC}") = "Les19-VirtualMethodAndAbstractClass", "Les19-VirtualMethodAndAbstractClass\Les19-VirtualMethodAndAbstractClass.csproj", "{3D201F5D-F231-493F-AABD-B84FB3F381C5}"
EndProject
Project("{FAE04EC0-301F-11D3-BF4B-00C04F79EFBC}") = "Les18NullAndNullable", "Les18NullAndNullable\Les18NullAndNullable.csproj", "{88D1D221-A9AF-4A91-9AA9-8A0B9EA97009}"
EndProject
Global
	GlobalSection(SolutionConfigurationPlatforms) = preSolution
		Debug|Any CPU = Debug|Any CPU
		Release|Any CPU = Release|Any CPU
	EndGlobalSection
	GlobalSection(ProjectConfigurationPlatforms) = postSolution
		{251EAF36-8E01-4C1D-B8E8-83CEE94534B9}.Debug|Any CPU.ActiveCfg = Debug|Any CPU
		{251EAF36-8E01-4C1D-B8E8-83CEE94534B9}.Debug|Any CPU.Build.0 = Debug|Any CPU
		{251EAF36-8E01-4C1D-B8E8-83CEE94534B9}.Release|Any CPU.ActiveCfg = Release|Any CPU
		{251EAF36-8E01-4C1D-B8E8-83CEE94534B9}.Release|Any CPU.Build.0 = Release|Any CPU
		{82DFD589-F97D-4D43-9FD9-A54337125B95}.Debug|Any CPU.ActiveCfg = Debug|Any CPU
		{82DFD589-F97D-4D43-9FD9-A54337125B95}.Debug|Any CPU.Build.0 = Debug|Any CPU
		{82DFD589-F97D-4D43-9FD9-A54337125B95}.Release|Any CPU.ActiveCfg = Release|Any CPU
		{82DFD589-F97D-4D43-9FD9-A54337125B95}.Release|Any CPU.Build.0 = Release|Any CPU
		{071E6B21-1BA8-4714-9C66-87D759CDAB7C}.Debug|Any CPU.ActiveCfg = Debug|Any CPU
		{071E6B21-1BA8-4714-9C66-87D759CDAB7C}.Debug|Any CPU.Build.0 = Debug|Any CPU
		{071E6B21-1BA8-4714-9C66-87D759CDAB7C}.Release|Any CPU.ActiveCfg = Release|Any CPU
		{071E6B21-1BA8-4714-9C66-87D759CDAB7C}.Release|Any CPU.Build.0 = Release|Any CPU
		{252E6770-37A9-4428-B70F-4E3C39B40D3C}.Debug|Any CPU.ActiveCfg = Debug|Any CPU
		{252E6770-37A9-4428-B70F-4E3C39B40D3C}.Debug|Any CPU.Build.0 = Debug|Any CPU
		{252E6770-37A9-4428-B70F-4E3C39B40D3C}.Release|Any CPU.ActiveCfg = Release|Any CPU
		{252E6770-37A9-4428-B70F-4E3C39B40D3C}.Release|Any CPU.Build.0 = Release|Any CPU
		{2943930E-ACE8-426D-A53B-2F22C1B12B78}.Debug|Any CPU.ActiveCfg = Debug|Any CPU
		{2943930E-ACE8-426D-A53B-2F22C1B12B78}.Debug|Any CPU.Build.0 = Debug|Any CPU
		{2943930E-ACE8-426D-A53B-2F22C1B12B78}.Release|Any CPU.ActiveCfg = Release|Any CPU
		{2943930E-ACE8-426D-A53B-2F22C1B12B78}.Release|Any CPU.Build.0 = Release|Any CPU
		{647E762D-97F5-412E-8703-BB8117347853}.Debug|Any CPU.ActiveCfg = Debug|Any CPU
		{647E762D-97F5-412E-8703-BB8117347853}.Debug|Any CPU.Build.0 = Debug|Any CPU
		{647E762D-97F5-412E-8703-BB8117347853}.Release|Any CPU.ActiveCfg = Release|Any CPU
		{647E762D-97F5-412E-8703-BB8117347853}.Release|Any CPU.Build.0 = Release|Any CPU
		{DDA13E8C-82AC-4E08-A106-46B66EFA16C6}.Debug|Any CPU.ActiveCfg = Debug|Any CPU
		{DDA13E8C-82AC-4E08-A106-46B66EFA16C6}.Debug|Any CPU.Build.0 = Debug|Any CPU
		{DDA13E8C-82AC-4E08-A106-46B66EFA16C6}.Release|Any CPU.ActiveCfg = Release|Any CPU
		{DDA13E8C-82AC-4E08-A106-46B66EFA16C6}.Release|Any CPU.Build.0 = Release|Any CPU
		{02A2A867-63C9-4420-89EB-AE6EBA16066F}.Debug|Any CPU.ActiveCfg = Debug|Any CPU
		{02A2A867-63C9-4420-89EB-AE6EBA16066F}.Debug|Any CPU.Build.0 = Debug|Any CPU
		{02A2A867-63C9-4420-89EB-AE6EBA16066F}.Release|Any CPU.ActiveCfg = Release|Any CPU
		{02A2A867-63C9-4420-89EB-AE6EBA16066F}.Release|Any CPU.Build.0 = Release|Any CPU
		{C723D09A-9DD5-42BF-B452-726091FA54FE}.Debug|Any CPU.ActiveCfg = Debug|Any CPU
		{C723D09A-9DD5-42BF-B452-726091FA54FE}.Debug|Any CPU.Build.0 = Debug|Any CPU
		{C723D09A-9DD5-42BF-B452-726091FA54FE}.Release|Any CPU.ActiveCfg = Release|Any CPU
		{C723D09A-9DD5-42BF-B452-726091FA54FE}.Release|Any CPU.Build.0 = Release|Any CPU
		{3D201F5D-F231-493F-AABD-B84FB3F381C5}.Debug|Any CPU.ActiveCfg = Debug|Any CPU
		{3D201F5D-F231-493F-AABD-B84FB3F381C5}.Debug|Any CPU.Build.0 = Debug|Any CPU
		{3D201F5D-F231-493F-AABD-B84FB3F381C5}.Release|Any CPU.ActiveCfg = Release|Any CPU
		{3D201F5D-F231-493F-AABD-B84FB3F381C5}.Release|Any CPU.Build.0 = Release|Any CPU
		{88D1D221-A9AF-4A91-9AA9-8A0B9EA97009}.Debug|Any CPU.ActiveCfg = Debug|Any CPU
		{88D1D221-A9AF-4A91-9AA9-8A0B9EA97009}.Debug|Any CPU.Build.0 = Debug|Any CPU
		{88D1D221-A9AF-4A91-9AA9-8A0B9EA97009}.Release|Any CPU.ActiveCfg = Release|Any CPU
		{88D1D221-A9AF-4A91-9AA9-8A0B9EA97009}.Release|Any CPU.Build.0 = Release|Any CPU
	EndGlobalSection
	GlobalSection(SolutionProperties) = preSolution
		HideSolutionNode = FALSE
	EndGlobalSection
	GlobalSection(ExtensibilityGlobals) = postSolution
		SolutionGuid = {31E5848F-3106-40FA-B2A6-7C569B5A039C}
	EndGlobalSection
EndGlobal
