
Microsoft Visual Studio Solution File, Format Version 12.00
# Visual Studio Version 17
VisualStudioVersion = 17.6.33829.357
MinimumVisualStudioVersion = 10.0.40219.1
Project("{FAE04EC0-301F-11D3-BF4B-00C04F79EFBC}") = "PracticeBackendCRUDApib01", "PracticeBackendCRUDApib01\PracticeBackendCRUDApib01.csproj", "{D6881895-DC18-45EC-9884-1C8524BC5393}"
EndProject
Global
	GlobalSection(SolutionConfigurationPlatforms) = preSolution
		Debug|Any CPU = Debug|Any CPU
		Release|Any CPU = Release|Any CPU
	EndGlobalSection
	GlobalSection(ProjectConfigurationPlatforms) = postSolution
		{D6881895-DC18-45EC-9884-1C8524BC5393}.Debug|Any CPU.ActiveCfg = Debug|Any CPU
		{D6881895-DC18-45EC-9884-1C8524BC5393}.Debug|Any CPU.Build.0 = Debug|Any CPU
		{D6881895-DC18-45EC-9884-1C8524BC5393}.Release|Any CPU.ActiveCfg = Release|Any CPU
		{D6881895-DC18-45EC-9884-1C8524BC5393}.Release|Any CPU.Build.0 = Release|Any CPU
	EndGlobalSection
	GlobalSection(SolutionProperties) = preSolution
		HideSolutionNode = FALSE
	EndGlobalSection
	GlobalSection(ExtensibilityGlobals) = postSolution
		SolutionGuid = {A724956A-BF54-447D-AB85-2AE4B186D51D}
	EndGlobalSection
EndGlobal
