
Microsoft Visual Studio Solution File, Format Version 12.00
# Visual Studio Version 17
VisualStudioVersion = 17.4.33213.308
MinimumVisualStudioVersion = 10.0.40219.1
Project("{FAE04EC0-301F-11D3-BF4B-00C04F79EFBC}") = "LearnBaProMvcb01", "LearnBaProMvcb01\LearnBaProMvcb01.csproj", "{BE7960FC-F866-4269-9706-56356296C6F1}"
EndProject
Global
	GlobalSection(SolutionConfigurationPlatforms) = preSolution
		Debug|Any CPU = Debug|Any CPU
		Release|Any CPU = Release|Any CPU
	EndGlobalSection
	GlobalSection(ProjectConfigurationPlatforms) = postSolution
		{BE7960FC-F866-4269-9706-56356296C6F1}.Debug|Any CPU.ActiveCfg = Debug|Any CPU
		{BE7960FC-F866-4269-9706-56356296C6F1}.Debug|Any CPU.Build.0 = Debug|Any CPU
		{BE7960FC-F866-4269-9706-56356296C6F1}.Release|Any CPU.ActiveCfg = Release|Any CPU
		{BE7960FC-F866-4269-9706-56356296C6F1}.Release|Any CPU.Build.0 = Release|Any CPU
	EndGlobalSection
	GlobalSection(SolutionProperties) = preSolution
		HideSolutionNode = FALSE
	EndGlobalSection
	GlobalSection(ExtensibilityGlobals) = postSolution
		SolutionGuid = {CF03CBAB-1455-458C-8D81-92F49BF1E5A6}
	EndGlobalSection
EndGlobal
