
Microsoft Visual Studio Solution File, Format Version 12.00
# Visual Studio Version 17
VisualStudioVersion = 17.2.32516.85
MinimumVisualStudioVersion = 10.0.40219.1
Project("{9A19103F-16F7-4668-BE54-9A1E7A4F7556}") = "SalaryManagement.API", "SalaryManagementBackEnd\SalaryManagement.API.csproj", "{835D5CB5-6CD9-44BE-86B8-43C410D210CF}"
EndProject
Project("{FAE04EC0-301F-11D3-BF4B-00C04F79EFBC}") = "SalaryManagement.Model", "SalaryManagement.Model\SalaryManagement.Model.csproj", "{EE45F495-ABF0-4E77-B63F-978B8848481F}"
EndProject
Project("{FAE04EC0-301F-11D3-BF4B-00C04F79EFBC}") = "SalaryManagement.Data", "SalaryManagement.Data\SalaryManagement.Data.csproj", "{1C7B0BD0-ECF5-402E-9F0E-4D3BC842103D}"
EndProject
Project("{FAE04EC0-301F-11D3-BF4B-00C04F79EFBC}") = "SalaryManagement.Service", "SalaryManagement.Service\SalaryManagement.Service.csproj", "{9745FAB4-5B3C-415D-BB36-EE0EB5D643BA}"
EndProject
Global
	GlobalSection(SolutionConfigurationPlatforms) = preSolution
		Debug|Any CPU = Debug|Any CPU
		Release|Any CPU = Release|Any CPU
	EndGlobalSection
	GlobalSection(ProjectConfigurationPlatforms) = postSolution
		{835D5CB5-6CD9-44BE-86B8-43C410D210CF}.Debug|Any CPU.ActiveCfg = Debug|Any CPU
		{835D5CB5-6CD9-44BE-86B8-43C410D210CF}.Debug|Any CPU.Build.0 = Debug|Any CPU
		{835D5CB5-6CD9-44BE-86B8-43C410D210CF}.Release|Any CPU.ActiveCfg = Release|Any CPU
		{835D5CB5-6CD9-44BE-86B8-43C410D210CF}.Release|Any CPU.Build.0 = Release|Any CPU
		{EE45F495-ABF0-4E77-B63F-978B8848481F}.Debug|Any CPU.ActiveCfg = Debug|Any CPU
		{EE45F495-ABF0-4E77-B63F-978B8848481F}.Debug|Any CPU.Build.0 = Debug|Any CPU
		{EE45F495-ABF0-4E77-B63F-978B8848481F}.Release|Any CPU.ActiveCfg = Release|Any CPU
		{EE45F495-ABF0-4E77-B63F-978B8848481F}.Release|Any CPU.Build.0 = Release|Any CPU
		{1C7B0BD0-ECF5-402E-9F0E-4D3BC842103D}.Debug|Any CPU.ActiveCfg = Debug|Any CPU
		{1C7B0BD0-ECF5-402E-9F0E-4D3BC842103D}.Debug|Any CPU.Build.0 = Debug|Any CPU
		{1C7B0BD0-ECF5-402E-9F0E-4D3BC842103D}.Release|Any CPU.ActiveCfg = Release|Any CPU
		{1C7B0BD0-ECF5-402E-9F0E-4D3BC842103D}.Release|Any CPU.Build.0 = Release|Any CPU
		{9745FAB4-5B3C-415D-BB36-EE0EB5D643BA}.Debug|Any CPU.ActiveCfg = Debug|Any CPU
		{9745FAB4-5B3C-415D-BB36-EE0EB5D643BA}.Debug|Any CPU.Build.0 = Debug|Any CPU
		{9745FAB4-5B3C-415D-BB36-EE0EB5D643BA}.Release|Any CPU.ActiveCfg = Release|Any CPU
		{9745FAB4-5B3C-415D-BB36-EE0EB5D643BA}.Release|Any CPU.Build.0 = Release|Any CPU
	EndGlobalSection
	GlobalSection(SolutionProperties) = preSolution
		HideSolutionNode = FALSE
	EndGlobalSection
	GlobalSection(ExtensibilityGlobals) = postSolution
		SolutionGuid = {760A7DE4-9B18-48EB-BE8A-09F10FEDF578}
	EndGlobalSection
EndGlobal
