
Microsoft Visual Studio Solution File, Format Version 12.00
# Visual Studio Version 17
VisualStudioVersion = 17.4.33213.308
MinimumVisualStudioVersion = 10.0.40219.1
Project("{9A19103F-16F7-4668-BE54-9A1E7A4F7556}") = "Les01HelloWorld", "Les01HelloWorld\Les01HelloWorld.csproj", "{893CB4C5-C061-43EB-98B4-BF843300BBB1}"
EndProject
Project("{9A19103F-16F7-4668-BE54-9A1E7A4F7556}") = "Les09ValueAndRefrenceType", "Les09ValueAndRefrenceType\Les09ValueAndRefrenceType.csproj", "{27B0B198-6675-4697-A3F3-236E8430AD7D}"
EndProject
Project("{9A19103F-16F7-4668-BE54-9A1E7A4F7556}") = "Les10InputConsoleApp", "Les10InputConsoleApp\Les10InputConsoleApp.csproj", "{40A808F4-FCDC-4863-824E-B90A3AF866B8}"
EndProject
Project("{9A19103F-16F7-4668-BE54-9A1E7A4F7556}") = "Les11ConvertDataType", "Les11ConvertDataType\Les11ConvertDataType.csproj", "{226C8458-17C2-42AD-BB8B-8AC57DD8A088}"
EndProject
Project("{9A19103F-16F7-4668-BE54-9A1E7A4F7556}") = "Les12Constant", "Les12Constant\Les12Constant.csproj", "{3AE7730C-5840-4B13-A8BD-3218F3322781}"
EndProject
Project("{FAE04EC0-301F-11D3-BF4B-00C04F79EFBC}") = "Les02Operator", "Les02Operator\Les02Operator.csproj", "{0E473F8D-4D54-4A05-967E-11CCFB3A5124}"
EndProject
Project("{FAE04EC0-301F-11D3-BF4B-00C04F79EFBC}") = "Les02-2Operator", "Les02-2Operator\Les02-2Operator.csproj", "{5BA2FF0D-7631-4E88-A108-70EB144E21A1}"
EndProject
Project("{FAE04EC0-301F-11D3-BF4B-00C04F79EFBC}") = "AsmLes02-01", "AsmLes02-01\AsmLes02-01.csproj", "{1B607DCD-3EF4-4F6C-9E00-96BDFC85CCDA}"
EndProject
Project("{FAE04EC0-301F-11D3-BF4B-00C04F79EFBC}") = "Les02-Asm02", "Les02-Asm02\Les02-Asm02.csproj", "{00652A84-258A-4C0C-8556-1C506D36F496}"
EndProject
Project("{FAE04EC0-301F-11D3-BF4B-00C04F79EFBC}") = "Les03LogicOperAndPrefixAndPostfix", "Les03LogicOperAndPrefixAndPostfix\Les03LogicOperAndPrefixAndPostfix.csproj", "{DED3D087-4C22-437A-9A05-C350C8C6530D}"
EndProject
Project("{FAE04EC0-301F-11D3-BF4B-00C04F79EFBC}") = "Les03-Asm01", "Les03-Asm01\Les03-Asm01.csproj", "{4E473F5E-AAB9-4833-B346-536F934F307A}"
EndProject
Project("{FAE04EC0-301F-11D3-BF4B-00C04F79EFBC}") = "Les03-Asm02", "Les03-Asm02\Les03-Asm02.csproj", "{B74D42CB-821C-4DD4-9990-2E03C62BC8A0}"
EndProject
Project("{FAE04EC0-301F-11D3-BF4B-00C04F79EFBC}") = "Les03-Asm03", "Les03-Asm03\Les03-Asm03.csproj", "{900A3E4F-C773-4F52-8033-FFBC570FB660}"
EndProject
Project("{FAE04EC0-301F-11D3-BF4B-00C04F79EFBC}") = "Les03-Asm04", "Les03-Asm04\Les03-Asm04.csproj", "{6DBC6919-2903-4095-A71C-1603438A7C67}"
EndProject
Project("{FAE04EC0-301F-11D3-BF4B-00C04F79EFBC}") = "Les04SwitchCase", "Les04SwitchCase\Les04SwitchCase.csproj", "{D0D2B6B9-BF20-4B3A-8F16-8A1E41486057}"
EndProject
Project("{FAE04EC0-301F-11D3-BF4B-00C04F79EFBC}") = "Les05-WhileAndDoWhileLoop", "Les05-WhileAndDoWhileLoop\Les05-WhileAndDoWhileLoop.csproj", "{6DBF7CAC-E482-484D-B75C-7E5C821E29FD}"
EndProject
Project("{FAE04EC0-301F-11D3-BF4B-00C04F79EFBC}") = "Les06-ForLoop", "Les06-ForLoop\Les06-ForLoop.csproj", "{17A9371B-AA41-4948-9BF6-086BA393DE34}"
EndProject
Project("{FAE04EC0-301F-11D3-BF4B-00C04F79EFBC}") = "Les07String01", "Les07String01\Les07String01.csproj", "{2426FE76-C6CC-4069-B04F-748D848FBC7A}"
EndProject
Project("{FAE04EC0-301F-11D3-BF4B-00C04F79EFBC}") = "Les08Array", "Les08Array\Les08Array.csproj", "{6CFF2049-FD5C-4671-AC4B-200AA72D2EC1}"
EndProject
Project("{FAE04EC0-301F-11D3-BF4B-00C04F79EFBC}") = "Les13MultiArray", "Les13MultiArray\Les13MultiArray.csproj", "{CBF9C8B4-0777-40DA-A2DC-89A6D85EF4D5}"
EndProject
Project("{FAE04EC0-301F-11D3-BF4B-00C04F79EFBC}") = "Les14List", "Les14List\Les14List.csproj", "{B5616CB9-D7B1-4472-99C1-445C83ADC9E9}"
EndProject
Project("{FAE04EC0-301F-11D3-BF4B-00C04F79EFBC}") = "Les15Dictionary", "Les15Dictionary\Les15Dictionary.csproj", "{73752F68-89DD-4CA1-8F77-77D534438DF8}"
EndProject
Project("{FAE04EC0-301F-11D3-BF4B-00C04F79EFBC}") = "Les16Method", "Les16Method\Les16Method.csproj", "{47A24C52-3083-4A04-BE1E-AE1644756FE0}"
EndProject
Project("{FAE04EC0-301F-11D3-BF4B-00C04F79EFBC}") = "Les17FileIO", "Les17FileIO\Les17FileIO.csproj", "{8BA903AF-C73E-4CE0-A572-FC7C4D056D75}"
EndProject
Project("{FAE04EC0-301F-11D3-BF4B-00C04F79EFBC}") = "Les17-2-FileIO-Path", "Les17-2-FileIO-Path\Les17-2-FileIO-Path.csproj", "{E6E1CDEC-5735-4D16-8788-E34D22DAB73B}"
EndProject
Project("{FAE04EC0-301F-11D3-BF4B-00C04F79EFBC}") = "Les17-3-FileIO-FileStream", "Les17-3-FileIO-FileStream\Les17-3-FileIO-FileStream.csproj", "{3AE86D3E-4B61-4998-A20F-853DAEACD364}"
EndProject
Global
	GlobalSection(SolutionConfigurationPlatforms) = preSolution
		Debug|Any CPU = Debug|Any CPU
		Release|Any CPU = Release|Any CPU
	EndGlobalSection
	GlobalSection(ProjectConfigurationPlatforms) = postSolution
		{893CB4C5-C061-43EB-98B4-BF843300BBB1}.Debug|Any CPU.ActiveCfg = Debug|Any CPU
		{893CB4C5-C061-43EB-98B4-BF843300BBB1}.Debug|Any CPU.Build.0 = Debug|Any CPU
		{893CB4C5-C061-43EB-98B4-BF843300BBB1}.Release|Any CPU.ActiveCfg = Release|Any CPU
		{893CB4C5-C061-43EB-98B4-BF843300BBB1}.Release|Any CPU.Build.0 = Release|Any CPU
		{27B0B198-6675-4697-A3F3-236E8430AD7D}.Debug|Any CPU.ActiveCfg = Debug|Any CPU
		{27B0B198-6675-4697-A3F3-236E8430AD7D}.Debug|Any CPU.Build.0 = Debug|Any CPU
		{27B0B198-6675-4697-A3F3-236E8430AD7D}.Release|Any CPU.ActiveCfg = Release|Any CPU
		{27B0B198-6675-4697-A3F3-236E8430AD7D}.Release|Any CPU.Build.0 = Release|Any CPU
		{40A808F4-FCDC-4863-824E-B90A3AF866B8}.Debug|Any CPU.ActiveCfg = Debug|Any CPU
		{40A808F4-FCDC-4863-824E-B90A3AF866B8}.Debug|Any CPU.Build.0 = Debug|Any CPU
		{40A808F4-FCDC-4863-824E-B90A3AF866B8}.Release|Any CPU.ActiveCfg = Release|Any CPU
		{40A808F4-FCDC-4863-824E-B90A3AF866B8}.Release|Any CPU.Build.0 = Release|Any CPU
		{226C8458-17C2-42AD-BB8B-8AC57DD8A088}.Debug|Any CPU.ActiveCfg = Debug|Any CPU
		{226C8458-17C2-42AD-BB8B-8AC57DD8A088}.Debug|Any CPU.Build.0 = Debug|Any CPU
		{226C8458-17C2-42AD-BB8B-8AC57DD8A088}.Release|Any CPU.ActiveCfg = Release|Any CPU
		{226C8458-17C2-42AD-BB8B-8AC57DD8A088}.Release|Any CPU.Build.0 = Release|Any CPU
		{3AE7730C-5840-4B13-A8BD-3218F3322781}.Debug|Any CPU.ActiveCfg = Debug|Any CPU
		{3AE7730C-5840-4B13-A8BD-3218F3322781}.Debug|Any CPU.Build.0 = Debug|Any CPU
		{3AE7730C-5840-4B13-A8BD-3218F3322781}.Release|Any CPU.ActiveCfg = Release|Any CPU
		{3AE7730C-5840-4B13-A8BD-3218F3322781}.Release|Any CPU.Build.0 = Release|Any CPU
		{0E473F8D-4D54-4A05-967E-11CCFB3A5124}.Debug|Any CPU.ActiveCfg = Debug|Any CPU
		{0E473F8D-4D54-4A05-967E-11CCFB3A5124}.Debug|Any CPU.Build.0 = Debug|Any CPU
		{0E473F8D-4D54-4A05-967E-11CCFB3A5124}.Release|Any CPU.ActiveCfg = Release|Any CPU
		{0E473F8D-4D54-4A05-967E-11CCFB3A5124}.Release|Any CPU.Build.0 = Release|Any CPU
		{5BA2FF0D-7631-4E88-A108-70EB144E21A1}.Debug|Any CPU.ActiveCfg = Debug|Any CPU
		{5BA2FF0D-7631-4E88-A108-70EB144E21A1}.Debug|Any CPU.Build.0 = Debug|Any CPU
		{5BA2FF0D-7631-4E88-A108-70EB144E21A1}.Release|Any CPU.ActiveCfg = Release|Any CPU
		{5BA2FF0D-7631-4E88-A108-70EB144E21A1}.Release|Any CPU.Build.0 = Release|Any CPU
		{1B607DCD-3EF4-4F6C-9E00-96BDFC85CCDA}.Debug|Any CPU.ActiveCfg = Debug|Any CPU
		{1B607DCD-3EF4-4F6C-9E00-96BDFC85CCDA}.Debug|Any CPU.Build.0 = Debug|Any CPU
		{1B607DCD-3EF4-4F6C-9E00-96BDFC85CCDA}.Release|Any CPU.ActiveCfg = Release|Any CPU
		{1B607DCD-3EF4-4F6C-9E00-96BDFC85CCDA}.Release|Any CPU.Build.0 = Release|Any CPU
		{00652A84-258A-4C0C-8556-1C506D36F496}.Debug|Any CPU.ActiveCfg = Debug|Any CPU
		{00652A84-258A-4C0C-8556-1C506D36F496}.Debug|Any CPU.Build.0 = Debug|Any CPU
		{00652A84-258A-4C0C-8556-1C506D36F496}.Release|Any CPU.ActiveCfg = Release|Any CPU
		{00652A84-258A-4C0C-8556-1C506D36F496}.Release|Any CPU.Build.0 = Release|Any CPU
		{DED3D087-4C22-437A-9A05-C350C8C6530D}.Debug|Any CPU.ActiveCfg = Debug|Any CPU
		{DED3D087-4C22-437A-9A05-C350C8C6530D}.Debug|Any CPU.Build.0 = Debug|Any CPU
		{DED3D087-4C22-437A-9A05-C350C8C6530D}.Release|Any CPU.ActiveCfg = Release|Any CPU
		{DED3D087-4C22-437A-9A05-C350C8C6530D}.Release|Any CPU.Build.0 = Release|Any CPU
		{4E473F5E-AAB9-4833-B346-536F934F307A}.Debug|Any CPU.ActiveCfg = Debug|Any CPU
		{4E473F5E-AAB9-4833-B346-536F934F307A}.Debug|Any CPU.Build.0 = Debug|Any CPU
		{4E473F5E-AAB9-4833-B346-536F934F307A}.Release|Any CPU.ActiveCfg = Release|Any CPU
		{4E473F5E-AAB9-4833-B346-536F934F307A}.Release|Any CPU.Build.0 = Release|Any CPU
		{B74D42CB-821C-4DD4-9990-2E03C62BC8A0}.Debug|Any CPU.ActiveCfg = Debug|Any CPU
		{B74D42CB-821C-4DD4-9990-2E03C62BC8A0}.Debug|Any CPU.Build.0 = Debug|Any CPU
		{B74D42CB-821C-4DD4-9990-2E03C62BC8A0}.Release|Any CPU.ActiveCfg = Release|Any CPU
		{B74D42CB-821C-4DD4-9990-2E03C62BC8A0}.Release|Any CPU.Build.0 = Release|Any CPU
		{900A3E4F-C773-4F52-8033-FFBC570FB660}.Debug|Any CPU.ActiveCfg = Debug|Any CPU
		{900A3E4F-C773-4F52-8033-FFBC570FB660}.Debug|Any CPU.Build.0 = Debug|Any CPU
		{900A3E4F-C773-4F52-8033-FFBC570FB660}.Release|Any CPU.ActiveCfg = Release|Any CPU
		{900A3E4F-C773-4F52-8033-FFBC570FB660}.Release|Any CPU.Build.0 = Release|Any CPU
		{6DBC6919-2903-4095-A71C-1603438A7C67}.Debug|Any CPU.ActiveCfg = Debug|Any CPU
		{6DBC6919-2903-4095-A71C-1603438A7C67}.Debug|Any CPU.Build.0 = Debug|Any CPU
		{6DBC6919-2903-4095-A71C-1603438A7C67}.Release|Any CPU.ActiveCfg = Release|Any CPU
		{6DBC6919-2903-4095-A71C-1603438A7C67}.Release|Any CPU.Build.0 = Release|Any CPU
		{D0D2B6B9-BF20-4B3A-8F16-8A1E41486057}.Debug|Any CPU.ActiveCfg = Debug|Any CPU
		{D0D2B6B9-BF20-4B3A-8F16-8A1E41486057}.Debug|Any CPU.Build.0 = Debug|Any CPU
		{D0D2B6B9-BF20-4B3A-8F16-8A1E41486057}.Release|Any CPU.ActiveCfg = Release|Any CPU
		{D0D2B6B9-BF20-4B3A-8F16-8A1E41486057}.Release|Any CPU.Build.0 = Release|Any CPU
		{6DBF7CAC-E482-484D-B75C-7E5C821E29FD}.Debug|Any CPU.ActiveCfg = Debug|Any CPU
		{6DBF7CAC-E482-484D-B75C-7E5C821E29FD}.Debug|Any CPU.Build.0 = Debug|Any CPU
		{6DBF7CAC-E482-484D-B75C-7E5C821E29FD}.Release|Any CPU.ActiveCfg = Release|Any CPU
		{6DBF7CAC-E482-484D-B75C-7E5C821E29FD}.Release|Any CPU.Build.0 = Release|Any CPU
		{17A9371B-AA41-4948-9BF6-086BA393DE34}.Debug|Any CPU.ActiveCfg = Debug|Any CPU
		{17A9371B-AA41-4948-9BF6-086BA393DE34}.Debug|Any CPU.Build.0 = Debug|Any CPU
		{17A9371B-AA41-4948-9BF6-086BA393DE34}.Release|Any CPU.ActiveCfg = Release|Any CPU
		{17A9371B-AA41-4948-9BF6-086BA393DE34}.Release|Any CPU.Build.0 = Release|Any CPU
		{2426FE76-C6CC-4069-B04F-748D848FBC7A}.Debug|Any CPU.ActiveCfg = Debug|Any CPU
		{2426FE76-C6CC-4069-B04F-748D848FBC7A}.Debug|Any CPU.Build.0 = Debug|Any CPU
		{2426FE76-C6CC-4069-B04F-748D848FBC7A}.Release|Any CPU.ActiveCfg = Release|Any CPU
		{2426FE76-C6CC-4069-B04F-748D848FBC7A}.Release|Any CPU.Build.0 = Release|Any CPU
		{6CFF2049-FD5C-4671-AC4B-200AA72D2EC1}.Debug|Any CPU.ActiveCfg = Debug|Any CPU
		{6CFF2049-FD5C-4671-AC4B-200AA72D2EC1}.Debug|Any CPU.Build.0 = Debug|Any CPU
		{6CFF2049-FD5C-4671-AC4B-200AA72D2EC1}.Release|Any CPU.ActiveCfg = Release|Any CPU
		{6CFF2049-FD5C-4671-AC4B-200AA72D2EC1}.Release|Any CPU.Build.0 = Release|Any CPU
		{CBF9C8B4-0777-40DA-A2DC-89A6D85EF4D5}.Debug|Any CPU.ActiveCfg = Debug|Any CPU
		{CBF9C8B4-0777-40DA-A2DC-89A6D85EF4D5}.Debug|Any CPU.Build.0 = Debug|Any CPU
		{CBF9C8B4-0777-40DA-A2DC-89A6D85EF4D5}.Release|Any CPU.ActiveCfg = Release|Any CPU
		{CBF9C8B4-0777-40DA-A2DC-89A6D85EF4D5}.Release|Any CPU.Build.0 = Release|Any CPU
		{B5616CB9-D7B1-4472-99C1-445C83ADC9E9}.Debug|Any CPU.ActiveCfg = Debug|Any CPU
		{B5616CB9-D7B1-4472-99C1-445C83ADC9E9}.Debug|Any CPU.Build.0 = Debug|Any CPU
		{B5616CB9-D7B1-4472-99C1-445C83ADC9E9}.Release|Any CPU.ActiveCfg = Release|Any CPU
		{B5616CB9-D7B1-4472-99C1-445C83ADC9E9}.Release|Any CPU.Build.0 = Release|Any CPU
		{73752F68-89DD-4CA1-8F77-77D534438DF8}.Debug|Any CPU.ActiveCfg = Debug|Any CPU
		{73752F68-89DD-4CA1-8F77-77D534438DF8}.Debug|Any CPU.Build.0 = Debug|Any CPU
		{73752F68-89DD-4CA1-8F77-77D534438DF8}.Release|Any CPU.ActiveCfg = Release|Any CPU
		{73752F68-89DD-4CA1-8F77-77D534438DF8}.Release|Any CPU.Build.0 = Release|Any CPU
		{47A24C52-3083-4A04-BE1E-AE1644756FE0}.Debug|Any CPU.ActiveCfg = Debug|Any CPU
		{47A24C52-3083-4A04-BE1E-AE1644756FE0}.Debug|Any CPU.Build.0 = Debug|Any CPU
		{47A24C52-3083-4A04-BE1E-AE1644756FE0}.Release|Any CPU.ActiveCfg = Release|Any CPU
		{47A24C52-3083-4A04-BE1E-AE1644756FE0}.Release|Any CPU.Build.0 = Release|Any CPU
		{8BA903AF-C73E-4CE0-A572-FC7C4D056D75}.Debug|Any CPU.ActiveCfg = Debug|Any CPU
		{8BA903AF-C73E-4CE0-A572-FC7C4D056D75}.Debug|Any CPU.Build.0 = Debug|Any CPU
		{8BA903AF-C73E-4CE0-A572-FC7C4D056D75}.Release|Any CPU.ActiveCfg = Release|Any CPU
		{8BA903AF-C73E-4CE0-A572-FC7C4D056D75}.Release|Any CPU.Build.0 = Release|Any CPU
		{E6E1CDEC-5735-4D16-8788-E34D22DAB73B}.Debug|Any CPU.ActiveCfg = Debug|Any CPU
		{E6E1CDEC-5735-4D16-8788-E34D22DAB73B}.Debug|Any CPU.Build.0 = Debug|Any CPU
		{E6E1CDEC-5735-4D16-8788-E34D22DAB73B}.Release|Any CPU.ActiveCfg = Release|Any CPU
		{E6E1CDEC-5735-4D16-8788-E34D22DAB73B}.Release|Any CPU.Build.0 = Release|Any CPU
		{3AE86D3E-4B61-4998-A20F-853DAEACD364}.Debug|Any CPU.ActiveCfg = Debug|Any CPU
		{3AE86D3E-4B61-4998-A20F-853DAEACD364}.Debug|Any CPU.Build.0 = Debug|Any CPU
		{3AE86D3E-4B61-4998-A20F-853DAEACD364}.Release|Any CPU.ActiveCfg = Release|Any CPU
		{3AE86D3E-4B61-4998-A20F-853DAEACD364}.Release|Any CPU.Build.0 = Release|Any CPU
	EndGlobalSection
	GlobalSection(SolutionProperties) = preSolution
		HideSolutionNode = FALSE
	EndGlobalSection
	GlobalSection(ExtensibilityGlobals) = postSolution
		SolutionGuid = {A770B44E-777D-44D6-9EBE-1FC2413DCD80}
	EndGlobalSection
EndGlobal
