
Microsoft Visual Studio Solution File, Format Version 12.00
# Visual Studio Version 17
VisualStudioVersion = 17.7.34221.43
MinimumVisualStudioVersion = 10.0.40219.1
Project("{FAE04EC0-301F-11D3-BF4B-00C04F79EFBC}") = "SchoolHrAdminstration", "SchoolHrAdminstration\SchoolHrAdminstration.csproj", "{7ABD0224-3480-4129-96BB-A3B043F68314}"
EndProject
Project("{FAE04EC0-301F-11D3-BF4B-00C04F79EFBC}") = "HrAdminstrationApi", "HrAdminstrationApi\HrAdminstrationApi.csproj", "{5FCE3AAD-925A-462D-91A2-025C03BA7CBF}"
EndProject
Global
	GlobalSection(SolutionConfigurationPlatforms) = preSolution
		Debug|Any CPU = Debug|Any CPU
		Release|Any CPU = Release|Any CPU
	EndGlobalSection
	GlobalSection(ProjectConfigurationPlatforms) = postSolution
		{7ABD0224-3480-4129-96BB-A3B043F68314}.Debug|Any CPU.ActiveCfg = Debug|Any CPU
		{7ABD0224-3480-4129-96BB-A3B043F68314}.Debug|Any CPU.Build.0 = Debug|Any CPU
		{7ABD0224-3480-4129-96BB-A3B043F68314}.Release|Any CPU.ActiveCfg = Release|Any CPU
		{7ABD0224-3480-4129-96BB-A3B043F68314}.Release|Any CPU.Build.0 = Release|Any CPU
		{5FCE3AAD-925A-462D-91A2-025C03BA7CBF}.Debug|Any CPU.ActiveCfg = Debug|Any CPU
		{5FCE3AAD-925A-462D-91A2-025C03BA7CBF}.Debug|Any CPU.Build.0 = Debug|Any CPU
		{5FCE3AAD-925A-462D-91A2-025C03BA7CBF}.Release|Any CPU.ActiveCfg = Release|Any CPU
		{5FCE3AAD-925A-462D-91A2-025C03BA7CBF}.Release|Any CPU.Build.0 = Release|Any CPU
	EndGlobalSection
	GlobalSection(SolutionProperties) = preSolution
		HideSolutionNode = FALSE
	EndGlobalSection
	GlobalSection(ExtensibilityGlobals) = postSolution
		SolutionGuid = {F61B9DD4-D11D-45E9-B8D1-D1DF4B3E569A}
	EndGlobalSection
EndGlobal
