
Microsoft Visual Studio Solution File, Format Version 12.00
# Visual Studio Version 17
VisualStudioVersion = 17.6.33815.320
MinimumVisualStudioVersion = 10.0.40219.1
Project("{FAE04EC0-301F-11D3-BF4B-00C04F79EFBC}") = "Les02LabelTextBoxButton", "Les02LabelTextBoxButton\Les02LabelTextBoxButton.csproj", "{EF409E78-60EE-43EC-841B-567AA7E5601A}"
EndProject
Project("{FAE04EC0-301F-11D3-BF4B-00C04F79EFBC}") = "Les03MessageBox", "Les03MessageBox\Les03MessageBox.csproj", "{672B7F7E-9FD6-4730-BA3E-D3E14DD5EC97}"
EndProject
Project("{FAE04EC0-301F-11D3-BF4B-00C04F79EFBC}") = "Les03SplitContainer", "Les03SplitContainer\Les03SplitContainer.csproj", "{D2BD08F7-D335-4071-A2A3-1A936F774176}"
EndProject
Project("{FAE04EC0-301F-11D3-BF4B-00C04F79EFBC}") = "Les04GroupBox", "Les04GroupBox\Les04GroupBox.csproj", "{A937B772-9137-4C31-B31C-84141020D61A}"
EndProject
Project("{FAE04EC0-301F-11D3-BF4B-00C04F79EFBC}") = "Les07DateTimePicker", "Les07DateTimePicker\Les07DateTimePicker.csproj", "{14838D28-44BC-4561-85ED-ADA852A5BF9B}"
EndProject
Project("{FAE04EC0-301F-11D3-BF4B-00C04F79EFBC}") = "Les08ListBox", "Les08ListBox\Les08ListBox.csproj", "{BDB2382B-03A8-47E0-96FD-7E3D50AD7670}"
EndProject
Project("{FAE04EC0-301F-11D3-BF4B-00C04F79EFBC}") = "Prac08ListBoxB01", "Prac08ListBoxB01\Prac08ListBoxB01.csproj", "{FB1A4ABE-3694-4006-9F29-760612D08D64}"
EndProject
Project("{FAE04EC0-301F-11D3-BF4B-00C04F79EFBC}") = "PracLes08BasicFromStudentManageB01", "PracLes08BasicFromStudentManageB01\PracLes08BasicFromStudentManageB01.csproj", "{361D1951-FEBE-4F97-BD55-EEFA19A952A2}"
EndProject
Project("{FAE04EC0-301F-11D3-BF4B-00C04F79EFBC}") = "Les09ComboBox", "Les09ComboBox\Les09ComboBox.csproj", "{5D201D91-FC02-43DF-AC54-1445CD9765E0}"
EndProject
Project("{FAE04EC0-301F-11D3-BF4B-00C04F79EFBC}") = "Les12MDIForm", "Les12MDIForm\Les12MDIForm.csproj", "{6E883A1D-61AC-4023-97DC-DE65F6C36D84}"
EndProject
Project("{FAE04EC0-301F-11D3-BF4B-00C04F79EFBC}") = "Les13ImageList", "Les13ImageLít\Les13ImageList.csproj", "{D8352197-2519-4D10-B32C-412603757C11}"
EndProject
Project("{FAE04EC0-301F-11D3-BF4B-00C04F79EFBC}") = "Les14TimerB01", "Les14TimerB01\Les14TimerB01.csproj", "{161BDB53-2818-4FE7-A632-47F637306E6E}"
EndProject
Project("{FAE04EC0-301F-11D3-BF4B-00C04F79EFBC}") = "PracLes14-FunnyGame", "PracLes14-FunnyGame\PracLes14-FunnyGame.csproj", "{ED1612F3-0F71-4C8D-BD72-50674C11120A}"
EndProject
Project("{FAE04EC0-301F-11D3-BF4B-00C04F79EFBC}") = "Les15BgWorkerProgressBar", "Les15BgWorkerProgressBar\Les15BgWorkerProgressBar.csproj", "{A90020DB-A213-46AB-BBE3-029414E58837}"
EndProject
Project("{FAE04EC0-301F-11D3-BF4B-00C04F79EFBC}") = "Les16Toolbar", "Les16Toolbar\Les16Toolbar.csproj", "{894D369A-21E7-4995-A219-DCF4A62E4BC5}"
EndProject
Global
	GlobalSection(SolutionConfigurationPlatforms) = preSolution
		Debug|Any CPU = Debug|Any CPU
		Release|Any CPU = Release|Any CPU
	EndGlobalSection
	GlobalSection(ProjectConfigurationPlatforms) = postSolution
		{EF409E78-60EE-43EC-841B-567AA7E5601A}.Debug|Any CPU.ActiveCfg = Debug|Any CPU
		{EF409E78-60EE-43EC-841B-567AA7E5601A}.Debug|Any CPU.Build.0 = Debug|Any CPU
		{EF409E78-60EE-43EC-841B-567AA7E5601A}.Release|Any CPU.ActiveCfg = Release|Any CPU
		{EF409E78-60EE-43EC-841B-567AA7E5601A}.Release|Any CPU.Build.0 = Release|Any CPU
		{672B7F7E-9FD6-4730-BA3E-D3E14DD5EC97}.Debug|Any CPU.ActiveCfg = Debug|Any CPU
		{672B7F7E-9FD6-4730-BA3E-D3E14DD5EC97}.Debug|Any CPU.Build.0 = Debug|Any CPU
		{672B7F7E-9FD6-4730-BA3E-D3E14DD5EC97}.Release|Any CPU.ActiveCfg = Release|Any CPU
		{672B7F7E-9FD6-4730-BA3E-D3E14DD5EC97}.Release|Any CPU.Build.0 = Release|Any CPU
		{D2BD08F7-D335-4071-A2A3-1A936F774176}.Debug|Any CPU.ActiveCfg = Debug|Any CPU
		{D2BD08F7-D335-4071-A2A3-1A936F774176}.Debug|Any CPU.Build.0 = Debug|Any CPU
		{D2BD08F7-D335-4071-A2A3-1A936F774176}.Release|Any CPU.ActiveCfg = Release|Any CPU
		{D2BD08F7-D335-4071-A2A3-1A936F774176}.Release|Any CPU.Build.0 = Release|Any CPU
		{A937B772-9137-4C31-B31C-84141020D61A}.Debug|Any CPU.ActiveCfg = Debug|Any CPU
		{A937B772-9137-4C31-B31C-84141020D61A}.Debug|Any CPU.Build.0 = Debug|Any CPU
		{A937B772-9137-4C31-B31C-84141020D61A}.Release|Any CPU.ActiveCfg = Release|Any CPU
		{A937B772-9137-4C31-B31C-84141020D61A}.Release|Any CPU.Build.0 = Release|Any CPU
		{14838D28-44BC-4561-85ED-ADA852A5BF9B}.Debug|Any CPU.ActiveCfg = Debug|Any CPU
		{14838D28-44BC-4561-85ED-ADA852A5BF9B}.Debug|Any CPU.Build.0 = Debug|Any CPU
		{14838D28-44BC-4561-85ED-ADA852A5BF9B}.Release|Any CPU.ActiveCfg = Release|Any CPU
		{14838D28-44BC-4561-85ED-ADA852A5BF9B}.Release|Any CPU.Build.0 = Release|Any CPU
		{BDB2382B-03A8-47E0-96FD-7E3D50AD7670}.Debug|Any CPU.ActiveCfg = Debug|Any CPU
		{BDB2382B-03A8-47E0-96FD-7E3D50AD7670}.Debug|Any CPU.Build.0 = Debug|Any CPU
		{BDB2382B-03A8-47E0-96FD-7E3D50AD7670}.Release|Any CPU.ActiveCfg = Release|Any CPU
		{BDB2382B-03A8-47E0-96FD-7E3D50AD7670}.Release|Any CPU.Build.0 = Release|Any CPU
		{FB1A4ABE-3694-4006-9F29-760612D08D64}.Debug|Any CPU.ActiveCfg = Debug|Any CPU
		{FB1A4ABE-3694-4006-9F29-760612D08D64}.Debug|Any CPU.Build.0 = Debug|Any CPU
		{FB1A4ABE-3694-4006-9F29-760612D08D64}.Release|Any CPU.ActiveCfg = Release|Any CPU
		{FB1A4ABE-3694-4006-9F29-760612D08D64}.Release|Any CPU.Build.0 = Release|Any CPU
		{361D1951-FEBE-4F97-BD55-EEFA19A952A2}.Debug|Any CPU.ActiveCfg = Debug|Any CPU
		{361D1951-FEBE-4F97-BD55-EEFA19A952A2}.Debug|Any CPU.Build.0 = Debug|Any CPU
		{361D1951-FEBE-4F97-BD55-EEFA19A952A2}.Release|Any CPU.ActiveCfg = Release|Any CPU
		{361D1951-FEBE-4F97-BD55-EEFA19A952A2}.Release|Any CPU.Build.0 = Release|Any CPU
		{5D201D91-FC02-43DF-AC54-1445CD9765E0}.Debug|Any CPU.ActiveCfg = Debug|Any CPU
		{5D201D91-FC02-43DF-AC54-1445CD9765E0}.Debug|Any CPU.Build.0 = Debug|Any CPU
		{5D201D91-FC02-43DF-AC54-1445CD9765E0}.Release|Any CPU.ActiveCfg = Release|Any CPU
		{5D201D91-FC02-43DF-AC54-1445CD9765E0}.Release|Any CPU.Build.0 = Release|Any CPU
		{6E883A1D-61AC-4023-97DC-DE65F6C36D84}.Debug|Any CPU.ActiveCfg = Debug|Any CPU
		{6E883A1D-61AC-4023-97DC-DE65F6C36D84}.Debug|Any CPU.Build.0 = Debug|Any CPU
		{6E883A1D-61AC-4023-97DC-DE65F6C36D84}.Release|Any CPU.ActiveCfg = Release|Any CPU
		{6E883A1D-61AC-4023-97DC-DE65F6C36D84}.Release|Any CPU.Build.0 = Release|Any CPU
		{D8352197-2519-4D10-B32C-412603757C11}.Debug|Any CPU.ActiveCfg = Debug|Any CPU
		{D8352197-2519-4D10-B32C-412603757C11}.Debug|Any CPU.Build.0 = Debug|Any CPU
		{D8352197-2519-4D10-B32C-412603757C11}.Release|Any CPU.ActiveCfg = Release|Any CPU
		{D8352197-2519-4D10-B32C-412603757C11}.Release|Any CPU.Build.0 = Release|Any CPU
		{161BDB53-2818-4FE7-A632-47F637306E6E}.Debug|Any CPU.ActiveCfg = Debug|Any CPU
		{161BDB53-2818-4FE7-A632-47F637306E6E}.Debug|Any CPU.Build.0 = Debug|Any CPU
		{161BDB53-2818-4FE7-A632-47F637306E6E}.Release|Any CPU.ActiveCfg = Release|Any CPU
		{161BDB53-2818-4FE7-A632-47F637306E6E}.Release|Any CPU.Build.0 = Release|Any CPU
		{ED1612F3-0F71-4C8D-BD72-50674C11120A}.Debug|Any CPU.ActiveCfg = Debug|Any CPU
		{ED1612F3-0F71-4C8D-BD72-50674C11120A}.Debug|Any CPU.Build.0 = Debug|Any CPU
		{ED1612F3-0F71-4C8D-BD72-50674C11120A}.Release|Any CPU.ActiveCfg = Release|Any CPU
		{ED1612F3-0F71-4C8D-BD72-50674C11120A}.Release|Any CPU.Build.0 = Release|Any CPU
		{A90020DB-A213-46AB-BBE3-029414E58837}.Debug|Any CPU.ActiveCfg = Debug|Any CPU
		{A90020DB-A213-46AB-BBE3-029414E58837}.Debug|Any CPU.Build.0 = Debug|Any CPU
		{A90020DB-A213-46AB-BBE3-029414E58837}.Release|Any CPU.ActiveCfg = Release|Any CPU
		{A90020DB-A213-46AB-BBE3-029414E58837}.Release|Any CPU.Build.0 = Release|Any CPU
		{894D369A-21E7-4995-A219-DCF4A62E4BC5}.Debug|Any CPU.ActiveCfg = Debug|Any CPU
		{894D369A-21E7-4995-A219-DCF4A62E4BC5}.Debug|Any CPU.Build.0 = Debug|Any CPU
		{894D369A-21E7-4995-A219-DCF4A62E4BC5}.Release|Any CPU.ActiveCfg = Release|Any CPU
		{894D369A-21E7-4995-A219-DCF4A62E4BC5}.Release|Any CPU.Build.0 = Release|Any CPU
	EndGlobalSection
	GlobalSection(SolutionProperties) = preSolution
		HideSolutionNode = FALSE
	EndGlobalSection
	GlobalSection(ExtensibilityGlobals) = postSolution
		SolutionGuid = {8FF6C09D-95D3-4DB5-AAA6-55E1FAAE7037}
	EndGlobalSection
EndGlobal
