
Microsoft Visual Studio Solution File, Format Version 12.00
# Visual Studio Version 17
VisualStudioVersion = 17.6.33815.320
MinimumVisualStudioVersion = 10.0.40219.1
Project("{FAE04EC0-301F-11D3-BF4B-00C04F79EFBC}") = "Les02LabelTextBoxButton", "Les02LabelTextBoxButton\Les02LabelTextBoxButton.csproj", "{EF409E78-60EE-43EC-841B-567AA7E5601A}"
EndProject
Project("{FAE04EC0-301F-11D3-BF4B-00C04F79EFBC}") = "Les03MessageBox", "Les03MessageBox\Les03MessageBox.csproj", "{672B7F7E-9FD6-4730-BA3E-D3E14DD5EC97}"
EndProject
Project("{FAE04EC0-301F-11D3-BF4B-00C04F79EFBC}") = "Les03SplitContainer", "Les03SplitContainer\Les03SplitContainer.csproj", "{D2BD08F7-D335-4071-A2A3-1A936F774176}"
EndProject
Project("{FAE04EC0-301F-11D3-BF4B-00C04F79EFBC}") = "Les04GroupBox", "Les04GroupBox\Les04GroupBox.csproj", "{A937B772-9137-4C31-B31C-84141020D61A}"
EndProject
Project("{FAE04EC0-301F-11D3-BF4B-00C04F79EFBC}") = "Les07DateTimePicker", "Les07DateTimePicker\Les07DateTimePicker.csproj", "{14838D28-44BC-4561-85ED-ADA852A5BF9B}"
EndProject
Project("{FAE04EC0-301F-11D3-BF4B-00C04F79EFBC}") = "Les08ListBox", "Les08ListBox\Les08ListBox.csproj", "{BDB2382B-03A8-47E0-96FD-7E3D50AD7670}"
EndProject
Global
	GlobalSection(SolutionConfigurationPlatforms) = preSolution
		Debug|Any CPU = Debug|Any CPU
		Release|Any CPU = Release|Any CPU
	EndGlobalSection
	GlobalSection(ProjectConfigurationPlatforms) = postSolution
		{EF409E78-60EE-43EC-841B-567AA7E5601A}.Debug|Any CPU.ActiveCfg = Debug|Any CPU
		{EF409E78-60EE-43EC-841B-567AA7E5601A}.Debug|Any CPU.Build.0 = Debug|Any CPU
		{EF409E78-60EE-43EC-841B-567AA7E5601A}.Release|Any CPU.ActiveCfg = Release|Any CPU
		{EF409E78-60EE-43EC-841B-567AA7E5601A}.Release|Any CPU.Build.0 = Release|Any CPU
		{672B7F7E-9FD6-4730-BA3E-D3E14DD5EC97}.Debug|Any CPU.ActiveCfg = Debug|Any CPU
		{672B7F7E-9FD6-4730-BA3E-D3E14DD5EC97}.Debug|Any CPU.Build.0 = Debug|Any CPU
		{672B7F7E-9FD6-4730-BA3E-D3E14DD5EC97}.Release|Any CPU.ActiveCfg = Release|Any CPU
		{672B7F7E-9FD6-4730-BA3E-D3E14DD5EC97}.Release|Any CPU.Build.0 = Release|Any CPU
		{D2BD08F7-D335-4071-A2A3-1A936F774176}.Debug|Any CPU.ActiveCfg = Debug|Any CPU
		{D2BD08F7-D335-4071-A2A3-1A936F774176}.Debug|Any CPU.Build.0 = Debug|Any CPU
		{D2BD08F7-D335-4071-A2A3-1A936F774176}.Release|Any CPU.ActiveCfg = Release|Any CPU
		{D2BD08F7-D335-4071-A2A3-1A936F774176}.Release|Any CPU.Build.0 = Release|Any CPU
		{A937B772-9137-4C31-B31C-84141020D61A}.Debug|Any CPU.ActiveCfg = Debug|Any CPU
		{A937B772-9137-4C31-B31C-84141020D61A}.Debug|Any CPU.Build.0 = Debug|Any CPU
		{A937B772-9137-4C31-B31C-84141020D61A}.Release|Any CPU.ActiveCfg = Release|Any CPU
		{A937B772-9137-4C31-B31C-84141020D61A}.Release|Any CPU.Build.0 = Release|Any CPU
		{14838D28-44BC-4561-85ED-ADA852A5BF9B}.Debug|Any CPU.ActiveCfg = Debug|Any CPU
		{14838D28-44BC-4561-85ED-ADA852A5BF9B}.Debug|Any CPU.Build.0 = Debug|Any CPU
		{14838D28-44BC-4561-85ED-ADA852A5BF9B}.Release|Any CPU.ActiveCfg = Release|Any CPU
		{14838D28-44BC-4561-85ED-ADA852A5BF9B}.Release|Any CPU.Build.0 = Release|Any CPU
		{BDB2382B-03A8-47E0-96FD-7E3D50AD7670}.Debug|Any CPU.ActiveCfg = Debug|Any CPU
		{BDB2382B-03A8-47E0-96FD-7E3D50AD7670}.Debug|Any CPU.Build.0 = Debug|Any CPU
		{BDB2382B-03A8-47E0-96FD-7E3D50AD7670}.Release|Any CPU.ActiveCfg = Release|Any CPU
		{BDB2382B-03A8-47E0-96FD-7E3D50AD7670}.Release|Any CPU.Build.0 = Release|Any CPU
	EndGlobalSection
	GlobalSection(SolutionProperties) = preSolution
		HideSolutionNode = FALSE
	EndGlobalSection
	GlobalSection(ExtensibilityGlobals) = postSolution
		SolutionGuid = {8FF6C09D-95D3-4DB5-AAA6-55E1FAAE7037}
	EndGlobalSection
EndGlobal
