
Microsoft Visual Studio Solution File, Format Version 12.00
# Visual Studio Version 17
VisualStudioVersion = 17.10.35013.160
MinimumVisualStudioVersion = 10.0.40219.1
Project("{FAE04EC0-301F-11D3-BF4B-00C04F79EFBC}") = "TestModelMapperLibB01", "TestModelMapperLibB01\TestModelMapperLibB01.csproj", "{6374FAB6-201B-4C51-8F85-9F8858AC3853}"
EndProject
Global
	GlobalSection(SolutionConfigurationPlatforms) = preSolution
		Debug|Any CPU = Debug|Any CPU
		Release|Any CPU = Release|Any CPU
	EndGlobalSection
	GlobalSection(ProjectConfigurationPlatforms) = postSolution
		{6374FAB6-201B-4C51-8F85-9F8858AC3853}.Debug|Any CPU.ActiveCfg = Debug|Any CPU
		{6374FAB6-201B-4C51-8F85-9F8858AC3853}.Debug|Any CPU.Build.0 = Debug|Any CPU
		{6374FAB6-201B-4C51-8F85-9F8858AC3853}.Release|Any CPU.ActiveCfg = Release|Any CPU
		{6374FAB6-201B-4C51-8F85-9F8858AC3853}.Release|Any CPU.Build.0 = Release|Any CPU
	EndGlobalSection
	GlobalSection(SolutionProperties) = preSolution
		HideSolutionNode = FALSE
	EndGlobalSection
	GlobalSection(ExtensibilityGlobals) = postSolution
		SolutionGuid = {E4C5377E-2998-4513-AE8B-04CEBD67577D}
	EndGlobalSection
EndGlobal
