
Microsoft Visual Studio Solution File, Format Version 12.00
# Visual Studio Version 17
VisualStudioVersion = 17.6.33829.357
MinimumVisualStudioVersion = 10.0.40219.1
Project("{2150E333-8FDC-42A3-9474-1A3956D46DE8}") = "src", "src", "{1F916265-4EE1-44B3-BAB9-D63A1EB32F0F}"
EndProject
Project("{2150E333-8FDC-42A3-9474-1A3956D46DE8}") = "core", "core", "{B2FF8387-E2E0-43EB-88C1-AB87A1E09601}"
EndProject
Project("{FAE04EC0-301F-11D3-BF4B-00C04F79EFBC}") = "Payment.domain", "Payment.domain\Payment.domain.csproj", "{F6307B3C-65A4-4107-81E2-36ED694A5FDA}"
EndProject
Project("{FAE04EC0-301F-11D3-BF4B-00C04F79EFBC}") = "Payment.Application", "Payment.Application\Payment.Application.csproj", "{4F722801-0D2E-4838-912A-227260A46372}"
EndProject
Project("{2150E333-8FDC-42A3-9474-1A3956D46DE8}") = "infracs", "infracs", "{E1ACC56B-7A64-4162-9937-BB5B332A7B6D}"
EndProject
Project("{FAE04EC0-301F-11D3-BF4B-00C04F79EFBC}") = "Payment.Persistence", "Payment.Persistence\Payment.Persistence.csproj", "{37B9F829-8B34-4C9E-AC79-5A0A3C0F851D}"
EndProject
Project("{2150E333-8FDC-42A3-9474-1A3956D46DE8}") = "pre", "pre", "{3A3C7211-AB4B-4329-AABD-B622BD76D5A6}"
EndProject
Project("{FAE04EC0-301F-11D3-BF4B-00C04F79EFBC}") = "Payment.Api", "Payment.Api\Payment.Api.csproj", "{0CB5A83D-B598-4D52-95FA-A9B20B3C8DC0}"
EndProject
Project("{2150E333-8FDC-42A3-9474-1A3956D46DE8}") = "shared", "shared", "{01F6E6CC-659C-4D5B-8FB7-9DFF0688887B}"
EndProject
Project("{FAE04EC0-301F-11D3-BF4B-00C04F79EFBC}") = "Payment.Utils", "Payment.Utils\Payment.Utils.csproj", "{496D031E-88EF-49BA-B41B-1B4596015FD7}"
EndProject
Global
	GlobalSection(SolutionConfigurationPlatforms) = preSolution
		Debug|Any CPU = Debug|Any CPU
		Release|Any CPU = Release|Any CPU
	EndGlobalSection
	GlobalSection(ProjectConfigurationPlatforms) = postSolution
		{F6307B3C-65A4-4107-81E2-36ED694A5FDA}.Debug|Any CPU.ActiveCfg = Debug|Any CPU
		{F6307B3C-65A4-4107-81E2-36ED694A5FDA}.Debug|Any CPU.Build.0 = Debug|Any CPU
		{F6307B3C-65A4-4107-81E2-36ED694A5FDA}.Release|Any CPU.ActiveCfg = Release|Any CPU
		{F6307B3C-65A4-4107-81E2-36ED694A5FDA}.Release|Any CPU.Build.0 = Release|Any CPU
		{4F722801-0D2E-4838-912A-227260A46372}.Debug|Any CPU.ActiveCfg = Debug|Any CPU
		{4F722801-0D2E-4838-912A-227260A46372}.Debug|Any CPU.Build.0 = Debug|Any CPU
		{4F722801-0D2E-4838-912A-227260A46372}.Release|Any CPU.ActiveCfg = Release|Any CPU
		{4F722801-0D2E-4838-912A-227260A46372}.Release|Any CPU.Build.0 = Release|Any CPU
		{37B9F829-8B34-4C9E-AC79-5A0A3C0F851D}.Debug|Any CPU.ActiveCfg = Debug|Any CPU
		{37B9F829-8B34-4C9E-AC79-5A0A3C0F851D}.Debug|Any CPU.Build.0 = Debug|Any CPU
		{37B9F829-8B34-4C9E-AC79-5A0A3C0F851D}.Release|Any CPU.ActiveCfg = Release|Any CPU
		{37B9F829-8B34-4C9E-AC79-5A0A3C0F851D}.Release|Any CPU.Build.0 = Release|Any CPU
		{0CB5A83D-B598-4D52-95FA-A9B20B3C8DC0}.Debug|Any CPU.ActiveCfg = Debug|Any CPU
		{0CB5A83D-B598-4D52-95FA-A9B20B3C8DC0}.Debug|Any CPU.Build.0 = Debug|Any CPU
		{0CB5A83D-B598-4D52-95FA-A9B20B3C8DC0}.Release|Any CPU.ActiveCfg = Release|Any CPU
		{0CB5A83D-B598-4D52-95FA-A9B20B3C8DC0}.Release|Any CPU.Build.0 = Release|Any CPU
		{496D031E-88EF-49BA-B41B-1B4596015FD7}.Debug|Any CPU.ActiveCfg = Debug|Any CPU
		{496D031E-88EF-49BA-B41B-1B4596015FD7}.Debug|Any CPU.Build.0 = Debug|Any CPU
		{496D031E-88EF-49BA-B41B-1B4596015FD7}.Release|Any CPU.ActiveCfg = Release|Any CPU
		{496D031E-88EF-49BA-B41B-1B4596015FD7}.Release|Any CPU.Build.0 = Release|Any CPU
	EndGlobalSection
	GlobalSection(SolutionProperties) = preSolution
		HideSolutionNode = FALSE
	EndGlobalSection
	GlobalSection(NestedProjects) = preSolution
		{B2FF8387-E2E0-43EB-88C1-AB87A1E09601} = {1F916265-4EE1-44B3-BAB9-D63A1EB32F0F}
		{F6307B3C-65A4-4107-81E2-36ED694A5FDA} = {B2FF8387-E2E0-43EB-88C1-AB87A1E09601}
		{4F722801-0D2E-4838-912A-227260A46372} = {B2FF8387-E2E0-43EB-88C1-AB87A1E09601}
		{E1ACC56B-7A64-4162-9937-BB5B332A7B6D} = {1F916265-4EE1-44B3-BAB9-D63A1EB32F0F}
		{37B9F829-8B34-4C9E-AC79-5A0A3C0F851D} = {E1ACC56B-7A64-4162-9937-BB5B332A7B6D}
		{3A3C7211-AB4B-4329-AABD-B622BD76D5A6} = {1F916265-4EE1-44B3-BAB9-D63A1EB32F0F}
		{0CB5A83D-B598-4D52-95FA-A9B20B3C8DC0} = {3A3C7211-AB4B-4329-AABD-B622BD76D5A6}
		{01F6E6CC-659C-4D5B-8FB7-9DFF0688887B} = {1F916265-4EE1-44B3-BAB9-D63A1EB32F0F}
		{496D031E-88EF-49BA-B41B-1B4596015FD7} = {01F6E6CC-659C-4D5B-8FB7-9DFF0688887B}
	EndGlobalSection
	GlobalSection(ExtensibilityGlobals) = postSolution
		SolutionGuid = {1405D3D9-34D6-40FF-9AC8-EBA7890B00F7}
	EndGlobalSection
EndGlobal
